// !$*UTF8*$!
{
	archiveVersion = 1;
	classes = {
	};
	objectVersion = 56;
	objects = {

/* Begin PBXBuildFile section */
		BB43C6792A613F4F0049062E /* HTTPManager.swift in Sources */ = {isa = PBXBuildFile; fileRef = BB43C6782A613F4F0049062E /* HTTPManager.swift */; };
		BB43C67E2A61466F0049062E /* commentCell.swift in Sources */ = {isa = PBXBuildFile; fileRef = BB43C67D2A61466F0049062E /* commentCell.swift */; };
		BB43C6AF2A6147A40049062E /* PostCell.swift in Sources */ = {isa = PBXBuildFile; fileRef = BB43C6AE2A6147A40049062E /* PostCell.swift */; };
		BB43C6B52A6148100049062E /* ViewController.swift in Sources */ = {isa = PBXBuildFile; fileRef = BB43C6B42A6148100049062E /* ViewController.swift */; };
		BB43C6B92A61488F0049062E /* Presenter.swift in Sources */ = {isa = PBXBuildFile; fileRef = BB43C6B82A61488F0049062E /* Presenter.swift */; };
		BB43C6BD2A6148C60049062E /* Router.swift in Sources */ = {isa = PBXBuildFile; fileRef = BB43C6BC2A6148C50049062E /* Router.swift */; };
		BB43C6C02A6149720049062E /* Protocols.swift in Sources */ = {isa = PBXBuildFile; fileRef = BB43C6BF2A6149720049062E /* Protocols.swift */; };
		BB43C6C22A61499C0049062E /* Interactor.swift in Sources */ = {isa = PBXBuildFile; fileRef = BB43C6C12A61499C0049062E /* Interactor.swift */; };
		BB43C6C52A6149BC0049062E /* PostModel.swift in Sources */ = {isa = PBXBuildFile; fileRef = BB43C6C32A6149BC0049062E /* PostModel.swift */; };
		BB43C6C62A6149BC0049062E /* CommentModel.swift in Sources */ = {isa = PBXBuildFile; fileRef = BB43C6C42A6149BC0049062E /* CommentModel.swift */; };
		BB43C6CF2A614C320049062E /* protocol.swift in Sources */ = {isa = PBXBuildFile; fileRef = BB43C6CE2A614C320049062E /* protocol.swift */; };
		BB43C6D12A614C790049062E /* CommentPresenter.swift in Sources */ = {isa = PBXBuildFile; fileRef = BB43C6D02A614C790049062E /* CommentPresenter.swift */; };
		BB43C6D32A614CCD0049062E /* CommentRouter.swift in Sources */ = {isa = PBXBuildFile; fileRef = BB43C6D22A614CCD0049062E /* CommentRouter.swift */; };
		BB43C6D52A614D010049062E /* CommentViewController.swift in Sources */ = {isa = PBXBuildFile; fileRef = BB43C6D42A614D010049062E /* CommentViewController.swift */; };
		BB43C6D72A614D310049062E /* CommentInteractor.swift in Sources */ = {isa = PBXBuildFile; fileRef = BB43C6D62A614D310049062E /* CommentInteractor.swift */; };
		BBC7A6802A6123A200DF237D /* AppDelegate.swift in Sources */ = {isa = PBXBuildFile; fileRef = BBC7A67F2A6123A200DF237D /* AppDelegate.swift */; };
		BBC7A6822A6123A200DF237D /* SceneDelegate.swift in Sources */ = {isa = PBXBuildFile; fileRef = BBC7A6812A6123A200DF237D /* SceneDelegate.swift */; };
		BBC7A6872A6123A200DF237D /* Main.storyboard in Resources */ = {isa = PBXBuildFile; fileRef = BBC7A6852A6123A200DF237D /* Main.storyboard */; };
		BBC7A6892A6123A400DF237D /* Assets.xcassets in Resources */ = {isa = PBXBuildFile; fileRef = BBC7A6882A6123A400DF237D /* Assets.xcassets */; };
		BBC7A68C2A6123A400DF237D /* LaunchScreen.storyboard in Resources */ = {isa = PBXBuildFile; fileRef = BBC7A68A2A6123A400DF237D /* LaunchScreen.storyboard */; };
/* End PBXBuildFile section */

/* Begin PBXFileReference section */
		BB43C6782A613F4F0049062E /* HTTPManager.swift */ = {isa = PBXFileReference; fileEncoding = 4; lastKnownFileType = sourcecode.swift; path = HTTPManager.swift; sourceTree = "<group>"; };
		BB43C67D2A61466F0049062E /* commentCell.swift */ = {isa = PBXFileReference; fileEncoding = 4; lastKnownFileType = sourcecode.swift; path = commentCell.swift; sourceTree = "<group>"; };
		BB43C6AE2A6147A40049062E /* PostCell.swift */ = {isa = PBXFileReference; fileEncoding = 4; lastKnownFileType = sourcecode.swift; path = PostCell.swift; sourceTree = "<group>"; };
		BB43C6B42A6148100049062E /* ViewController.swift */ = {isa = PBXFileReference; fileEncoding = 4; lastKnownFileType = sourcecode.swift; path = ViewController.swift; sourceTree = "<group>"; };
		BB43C6B82A61488F0049062E /* Presenter.swift */ = {isa = PBXFileReference; fileEncoding = 4; lastKnownFileType = sourcecode.swift; path = Presenter.swift; sourceTree = "<group>"; };
		BB43C6BC2A6148C50049062E /* Router.swift */ = {isa = PBXFileReference; fileEncoding = 4; lastKnownFileType = sourcecode.swift; path = Router.swift; sourceTree = "<group>"; };
		BB43C6BF2A6149720049062E /* Protocols.swift */ = {isa = PBXFileReference; fileEncoding = 4; lastKnownFileType = sourcecode.swift; path = Protocols.swift; sourceTree = "<group>"; };
		BB43C6C12A61499C0049062E /* Interactor.swift */ = {isa = PBXFileReference; fileEncoding = 4; lastKnownFileType = sourcecode.swift; name = Interactor.swift; path = VIPERTest/PostViper/Interactor.swift; sourceTree = SOURCE_ROOT; };
		BB43C6C32A6149BC0049062E /* PostModel.swift */ = {isa = PBXFileReference; fileEncoding = 4; lastKnownFileType = sourcecode.swift; name = PostModel.swift; path = VIPERTest/PostViper/PostModel.swift; sourceTree = SOURCE_ROOT; };
		BB43C6C42A6149BC0049062E /* CommentModel.swift */ = {isa = PBXFileReference; fileEncoding = 4; lastKnownFileType = sourcecode.swift; name = CommentModel.swift; path = VIPERTest/CommentViper/Model/CommentModel.swift; sourceTree = SOURCE_ROOT; };
		BB43C6CE2A614C320049062E /* protocol.swift */ = {isa = PBXFileReference; lastKnownFileType = sourcecode.swift; path = protocol.swift; sourceTree = "<group>"; };
		BB43C6D02A614C790049062E /* CommentPresenter.swift */ = {isa = PBXFileReference; lastKnownFileType = sourcecode.swift; path = CommentPresenter.swift; sourceTree = "<group>"; };
		BB43C6D22A614CCD0049062E /* CommentRouter.swift */ = {isa = PBXFileReference; lastKnownFileType = sourcecode.swift; path = CommentRouter.swift; sourceTree = "<group>"; };
		BB43C6D42A614D010049062E /* CommentViewController.swift */ = {isa = PBXFileReference; lastKnownFileType = sourcecode.swift; path = CommentViewController.swift; sourceTree = "<group>"; };
		BB43C6D62A614D310049062E /* CommentInteractor.swift */ = {isa = PBXFileReference; lastKnownFileType = sourcecode.swift; path = CommentInteractor.swift; sourceTree = "<group>"; };
		BBC7A67C2A6123A200DF237D /* VIPERTest.app */ = {isa = PBXFileReference; explicitFileType = wrapper.application; includeInIndex = 0; path = VIPERTest.app; sourceTree = BUILT_PRODUCTS_DIR; };
		BBC7A67F2A6123A200DF237D /* AppDelegate.swift */ = {isa = PBXFileReference; lastKnownFileType = sourcecode.swift; path = AppDelegate.swift; sourceTree = "<group>"; };
		BBC7A6812A6123A200DF237D /* SceneDelegate.swift */ = {isa = PBXFileReference; lastKnownFileType = sourcecode.swift; path = SceneDelegate.swift; sourceTree = "<group>"; };
		BBC7A6862A6123A200DF237D /* Base */ = {isa = PBXFileReference; lastKnownFileType = file.storyboard; name = Base; path = Base.lproj/Main.storyboard; sourceTree = "<group>"; };
		BBC7A6882A6123A400DF237D /* Assets.xcassets */ = {isa = PBXFileReference; lastKnownFileType = folder.assetcatalog; path = Assets.xcassets; sourceTree = "<group>"; };
		BBC7A68B2A6123A400DF237D /* Base */ = {isa = PBXFileReference; lastKnownFileType = file.storyboard; name = Base; path = Base.lproj/LaunchScreen.storyboard; sourceTree = "<group>"; };
		BBC7A68D2A6123A400DF237D /* Info.plist */ = {isa = PBXFileReference; lastKnownFileType = text.plist.xml; path = Info.plist; sourceTree = "<group>"; };
/* End PBXFileReference section */

/* Begin PBXFrameworksBuildPhase section */
		BBC7A6792A6123A200DF237D /* Frameworks */ = {
			isa = PBXFrameworksBuildPhase;
			buildActionMask = 2147483647;
			files = (
			);
			runOnlyForDeploymentPostprocessing = 0;
		};
/* End PBXFrameworksBuildPhase section */

/* Begin PBXGroup section */
		BB43C6632A6129500049062E /* protocols */ = {
			isa = PBXGroup;
			children = (
				BB43C6BF2A6149720049062E /* Protocols.swift */,
			);
			path = protocols;
			sourceTree = "<group>";
		};
		BB43C6662A6129830049062E /* view */ = {
			isa = PBXGroup;
			children = (
				BB43C6AE2A6147A40049062E /* PostCell.swift */,
				BB43C6B42A6148100049062E /* ViewController.swift */,
			);
			path = view;
			sourceTree = "<group>";
		};
		BB43C6682A6129830049062E /* presenter */ = {
			isa = PBXGroup;
			children = (
				BB43C6B82A61488F0049062E /* Presenter.swift */,
			);
			path = presenter;
			sourceTree = "<group>";
		};
		BB43C66A2A6129830049062E /* router */ = {
			isa = PBXGroup;
			children = (
				BB43C6BC2A6148C50049062E /* Router.swift */,
			);
			path = router;
			sourceTree = "<group>";
		};
		BB43C66C2A6129830049062E /* interactor */ = {
			isa = PBXGroup;
			children = (
				BB43C6C12A61499C0049062E /* Interactor.swift */,
			);
			path = interactor;
			sourceTree = "<group>";
		};
		BB43C6722A612A750049062E /* Model */ = {
			isa = PBXGroup;
			children = (
				BB43C6C32A6149BC0049062E /* PostModel.swift */,
			);
			path = Model;
			sourceTree = "<group>";
		};
		BB43C6772A613F4F0049062E /* Managers */ = {
			isa = PBXGroup;
			children = (
				BB43C6782A613F4F0049062E /* HTTPManager.swift */,
			);
			path = Managers;
			sourceTree = "<group>";
		};
		BB43C67C2A61458A0049062E /* PostViper */ = {
			isa = PBXGroup;
			children = (
				BB43C6632A6129500049062E /* protocols */,
				BB43C6682A6129830049062E /* presenter */,
				BB43C66A2A6129830049062E /* router */,
				BB43C6662A6129830049062E /* view */,
				BB43C66C2A6129830049062E /* interactor */,
				BB43C6722A612A750049062E /* Model */,
			);
			path = PostViper;
			sourceTree = "<group>";
		};
		BB43C6C72A614B280049062E /* CommentViper */ = {
			isa = PBXGroup;
			children = (
				BB43C6C92A614B510049062E /* Protocol */,
				BB43C6CA2A614B540049062E /* Presenter */,
				BB43C6C82A614B4E0049062E /* Router */,
				BB43C6CC2A614B5A0049062E /* View */,
				BB43C6CB2A614B570049062E /* Interactor */,
				BB43C6CD2A614B920049062E /* Model */,
			);
			path = CommentViper;
			sourceTree = "<group>";
		};
		BB43C6C82A614B4E0049062E /* Router */ = {
			isa = PBXGroup;
			children = (
				BB43C6D22A614CCD0049062E /* CommentRouter.swift */,
			);
			path = Router;
			sourceTree = "<group>";
		};
		BB43C6C92A614B510049062E /* Protocol */ = {
			isa = PBXGroup;
			children = (
				BB43C6CE2A614C320049062E /* protocol.swift */,
			);
			path = Protocol;
			sourceTree = "<group>";
		};
		BB43C6CA2A614B540049062E /* Presenter */ = {
			isa = PBXGroup;
			children = (
				BB43C6D02A614C790049062E /* CommentPresenter.swift */,
			);
			path = Presenter;
			sourceTree = "<group>";
		};
		BB43C6CB2A614B570049062E /* Interactor */ = {
			isa = PBXGroup;
			children = (
				BB43C6D62A614D310049062E /* CommentInteractor.swift */,
			);
			path = Interactor;
			sourceTree = "<group>";
		};
		BB43C6CC2A614B5A0049062E /* View */ = {
			isa = PBXGroup;
			children = (
				BB43C6D42A614D010049062E /* CommentViewController.swift */,
			);
			path = View;
			sourceTree = "<group>";
		};
		BB43C6CD2A614B920049062E /* Model */ = {
			isa = PBXGroup;
			children = (
				BB43C6C42A6149BC0049062E /* CommentModel.swift */,
				BB43C67D2A61466F0049062E /* commentCell.swift */,
			);
			path = Model;
			sourceTree = "<group>";
		};
		BB43C6D82A6158950049062E /* DelegateFiles */ = {
			isa = PBXGroup;
			children = (
				BBC7A67F2A6123A200DF237D /* AppDelegate.swift */,
				BBC7A6812A6123A200DF237D /* SceneDelegate.swift */,
			);
			path = DelegateFiles;
			sourceTree = "<group>";
		};
		BBC7A6732A6123A200DF237D = {
			isa = PBXGroup;
			children = (
				BBC7A67E2A6123A200DF237D /* VIPERTest */,
				BBC7A67D2A6123A200DF237D /* Products */,
			);
			sourceTree = "<group>";
		};
		BBC7A67D2A6123A200DF237D /* Products */ = {
			isa = PBXGroup;
			children = (
				BBC7A67C2A6123A200DF237D /* VIPERTest.app */,
			);
			name = Products;
			sourceTree = "<group>";
		};
		BBC7A67E2A6123A200DF237D /* VIPERTest */ = {
			isa = PBXGroup;
			children = (
				BB43C6772A613F4F0049062E /* Managers */,
				BB43C6D82A6158950049062E /* DelegateFiles */,
				BBC7A6852A6123A200DF237D /* Main.storyboard */,
				BBC7A6882A6123A400DF237D /* Assets.xcassets */,
				BBC7A68A2A6123A400DF237D /* LaunchScreen.storyboard */,
				BBC7A68D2A6123A400DF237D /* Info.plist */,
				BB43C67C2A61458A0049062E /* PostViper */,
				BB43C6C72A614B280049062E /* CommentViper */,
			);
			path = VIPERTest;
			sourceTree = "<group>";
		};
/* End PBXGroup section */

/* Begin PBXNativeTarget section */
		BBC7A67B2A6123A200DF237D /* VIPERTest */ = {
			isa = PBXNativeTarget;
			buildConfigurationList = BBC7A6902A6123A400DF237D /* Build configuration list for PBXNativeTarget "VIPERTest" */;
			buildPhases = (
				BBC7A6782A6123A200DF237D /* Sources */,
				BBC7A6792A6123A200DF237D /* Frameworks */,
				BBC7A67A2A6123A200DF237D /* Resources */,
			);
			buildRules = (
			);
			dependencies = (
			);
			name = VIPERTest;
			productName = VIPERTest;
			productReference = BBC7A67C2A6123A200DF237D /* VIPERTest.app */;
			productType = "com.apple.product-type.application";
		};
/* End PBXNativeTarget section */

/* Begin PBXProject section */
		BBC7A6742A6123A200DF237D /* Project object */ = {
			isa = PBXProject;
			attributes = {
				BuildIndependentTargetsInParallel = 1;
				LastSwiftUpdateCheck = 1410;
				LastUpgradeCheck = 1410;
				TargetAttributes = {
					BBC7A67B2A6123A200DF237D = {
						CreatedOnToolsVersion = 14.1;
					};
				};
			};
			buildConfigurationList = BBC7A6772A6123A200DF237D /* Build configuration list for PBXProject "VIPERTest" */;
			compatibilityVersion = "Xcode 14.0";
			developmentRegion = en;
			hasScannedForEncodings = 0;
			knownRegions = (
				en,
				Base,
			);
			mainGroup = BBC7A6732A6123A200DF237D;
			productRefGroup = BBC7A67D2A6123A200DF237D /* Products */;
			projectDirPath = "";
			projectRoot = "";
			targets = (
				BBC7A67B2A6123A200DF237D /* VIPERTest */,
			);
		};
/* End PBXProject section */

/* Begin PBXResourcesBuildPhase section */
		BBC7A67A2A6123A200DF237D /* Resources */ = {
			isa = PBXResourcesBuildPhase;
			buildActionMask = 2147483647;
			files = (
				BBC7A68C2A6123A400DF237D /* LaunchScreen.storyboard in Resources */,
				BBC7A6892A6123A400DF237D /* Assets.xcassets in Resources */,
				BBC7A6872A6123A200DF237D /* Main.storyboard in Resources */,
			);
			runOnlyForDeploymentPostprocessing = 0;
		};
/* End PBXResourcesBuildPhase section */

/* Begin PBXSourcesBuildPhase section */
		BBC7A6782A6123A200DF237D /* Sources */ = {
			isa = PBXSourcesBuildPhase;
			buildActionMask = 2147483647;
			files = (
				BB43C6B52A6148100049062E /* ViewController.swift in Sources */,
				BB43C6BD2A6148C60049062E /* Router.swift in Sources */,
				BB43C6CF2A614C320049062E /* protocol.swift in Sources */,
				BB43C6C22A61499C0049062E /* Interactor.swift in Sources */,
				BB43C6D72A614D310049062E /* CommentInteractor.swift in Sources */,
				BB43C6D32A614CCD0049062E /* CommentRouter.swift in Sources */,
				BB43C6D12A614C790049062E /* CommentPresenter.swift in Sources */,
				BB43C6C62A6149BC0049062E /* CommentModel.swift in Sources */,
				BB43C67E2A61466F0049062E /* commentCell.swift in Sources */,
				BB43C6D52A614D010049062E /* CommentViewController.swift in Sources */,
				BB43C6C02A6149720049062E /* Protocols.swift in Sources */,
				BBC7A6802A6123A200DF237D /* AppDelegate.swift in Sources */,
				BB43C6C52A6149BC0049062E /* PostModel.swift in Sources */,
				BBC7A6822A6123A200DF237D /* SceneDelegate.swift in Sources */,
				BB43C6792A613F4F0049062E /* HTTPManager.swift in Sources */,
				BB43C6B92A61488F0049062E /* Presenter.swift in Sources */,
				BB43C6AF2A6147A40049062E /* PostCell.swift in Sources */,
			);
			runOnlyForDeploymentPostprocessing = 0;
		};
/* End PBXSourcesBuildPhase section */

/* Begin PBXVariantGroup section */
		BBC7A6852A6123A200DF237D /* Main.storyboard */ = {
			isa = PBXVariantGroup;
			children = (
				BBC7A6862A6123A200DF237D /* Base */,
			);
			name = Main.storyboard;
			sourceTree = "<group>";
		};
		BBC7A68A2A6123A400DF237D /* LaunchScreen.storyboard */ = {
			isa = PBXVariantGroup;
			children = (
				BBC7A68B2A6123A400DF237D /* Base */,
			);
			name = LaunchScreen.storyboard;
			sourceTree = "<group>";
		};
/* End PBXVariantGroup section */

/* Begin XCBuildConfiguration section */
		BBC7A68E2A6123A400DF237D /* Debug */ = {
			isa = XCBuildConfiguration;
			buildSettings = {
				ALWAYS_SEARCH_USER_PATHS = NO;
				CLANG_ANALYZER_NONNULL = YES;
				CLANG_ANALYZER_NUMBER_OBJECT_CONVERSION = YES_AGGRESSIVE;
				CLANG_CXX_LANGUAGE_STANDARD = "gnu++20";
				CLANG_ENABLE_MODULES = YES;
				CLANG_ENABLE_OBJC_ARC = YES;
				CLANG_ENABLE_OBJC_WEAK = YES;
				CLANG_WARN_BLOCK_CAPTURE_AUTORELEASING = YES;
				CLANG_WARN_BOOL_CONVERSION = YES;
				CLANG_WARN_COMMA = YES;
				CLANG_WARN_CONSTANT_CONVERSION = YES;
				CLANG_WARN_DEPRECATED_OBJC_IMPLEMENTATIONS = YES;
				CLANG_WARN_DIRECT_OBJC_ISA_USAGE = YES_ERROR;
				CLANG_WARN_DOCUMENTATION_COMMENTS = YES;
				CLANG_WARN_EMPTY_BODY = YES;
				CLANG_WARN_ENUM_CONVERSION = YES;
				CLANG_WARN_INFINITE_RECURSION = YES;
				CLANG_WARN_INT_CONVERSION = YES;
				CLANG_WARN_NON_LITERAL_NULL_CONVERSION = YES;
				CLANG_WARN_OBJC_IMPLICIT_RETAIN_SELF = YES;
				CLANG_WARN_OBJC_LITERAL_CONVERSION = YES;
				CLANG_WARN_OBJC_ROOT_CLASS = YES_ERROR;
				CLANG_WARN_QUOTED_INCLUDE_IN_FRAMEWORK_HEADER = YES;
				CLANG_WARN_RANGE_LOOP_ANALYSIS = YES;
				CLANG_WARN_STRICT_PROTOTYPES = YES;
				CLANG_WARN_SUSPICIOUS_MOVE = YES;
				CLANG_WARN_UNGUARDED_AVAILABILITY = YES_AGGRESSIVE;
				CLANG_WARN_UNREACHABLE_CODE = YES;
				CLANG_WARN__DUPLICATE_METHOD_MATCH = YES;
				COPY_PHASE_STRIP = NO;
				DEBUG_INFORMATION_FORMAT = dwarf;
				ENABLE_STRICT_OBJC_MSGSEND = YES;
				ENABLE_TESTABILITY = YES;
				GCC_C_LANGUAGE_STANDARD = gnu11;
				GCC_DYNAMIC_NO_PIC = NO;
				GCC_NO_COMMON_BLOCKS = YES;
				GCC_OPTIMIZATION_LEVEL = 0;
				GCC_PREPROCESSOR_DEFINITIONS = (
					"DEBUG=1",
					"$(inherited)",
				);
				GCC_WARN_64_TO_32_BIT_CONVERSION = YES;
				GCC_WARN_ABOUT_RETURN_TYPE = YES_ERROR;
				GCC_WARN_UNDECLARED_SELECTOR = YES;
				GCC_WARN_UNINITIALIZED_AUTOS = YES_AGGRESSIVE;
				GCC_WARN_UNUSED_FUNCTION = YES;
				GCC_WARN_UNUSED_VARIABLE = YES;
				IPHONEOS_DEPLOYMENT_TARGET = 16.1;
				MTL_ENABLE_DEBUG_INFO = INCLUDE_SOURCE;
				MTL_FAST_MATH = YES;
				ONLY_ACTIVE_ARCH = YES;
				SDKROOT = iphoneos;
				SWIFT_ACTIVE_COMPILATION_CONDITIONS = DEBUG;
				SWIFT_OPTIMIZATION_LEVEL = "-Onone";
			};
			name = Debug;
		};
		BBC7A68F2A6123A400DF237D /* Release */ = {
			isa = XCBuildConfiguration;
			buildSettings = {
				ALWAYS_SEARCH_USER_PATHS = NO;
				CLANG_ANALYZER_NONNULL = YES;
				CLANG_ANALYZER_NUMBER_OBJECT_CONVERSION = YES_AGGRESSIVE;
				CLANG_CXX_LANGUAGE_STANDARD = "gnu++20";
				CLANG_ENABLE_MODULES = YES;
				CLANG_ENABLE_OBJC_ARC = YES;
				CLANG_ENABLE_OBJC_WEAK = YES;
				CLANG_WARN_BLOCK_CAPTURE_AUTORELEASING = YES;
				CLANG_WARN_BOOL_CONVERSION = YES;
				CLANG_WARN_COMMA = YES;
				CLANG_WARN_CONSTANT_CONVERSION = YES;
				CLANG_WARN_DEPRECATED_OBJC_IMPLEMENTATIONS = YES;
				CLANG_WARN_DIRECT_OBJC_ISA_USAGE = YES_ERROR;
				CLANG_WARN_DOCUMENTATION_COMMENTS = YES;
				CLANG_WARN_EMPTY_BODY = YES;
				CLANG_WARN_ENUM_CONVERSION = YES;
				CLANG_WARN_INFINITE_RECURSION = YES;
				CLANG_WARN_INT_CONVERSION = YES;
				CLANG_WARN_NON_LITERAL_NULL_CONVERSION = YES;
				CLANG_WARN_OBJC_IMPLICIT_RETAIN_SELF = YES;
				CLANG_WARN_OBJC_LITERAL_CONVERSION = YES;
				CLANG_WARN_OBJC_ROOT_CLASS = YES_ERROR;
				CLANG_WARN_QUOTED_INCLUDE_IN_FRAMEWORK_HEADER = YES;
				CLANG_WARN_RANGE_LOOP_ANALYSIS = YES;
				CLANG_WARN_STRICT_PROTOTYPES = YES;
				CLANG_WARN_SUSPICIOUS_MOVE = YES;
				CLANG_WARN_UNGUARDED_AVAILABILITY = YES_AGGRESSIVE;
				CLANG_WARN_UNREACHABLE_CODE = YES;
				CLANG_WARN__DUPLICATE_METHOD_MATCH = YES;
				COPY_PHASE_STRIP = NO;
				DEBUG_INFORMATION_FORMAT = "dwarf-with-dsym";
				ENABLE_NS_ASSERTIONS = NO;
				ENABLE_STRICT_OBJC_MSGSEND = YES;
				GCC_C_LANGUAGE_STANDARD = gnu11;
				GCC_NO_COMMON_BLOCKS = YES;
				GCC_WARN_64_TO_32_BIT_CONVERSION = YES;
				GCC_WARN_ABOUT_RETURN_TYPE = YES_ERROR;
				GCC_WARN_UNDECLARED_SELECTOR = YES;
				GCC_WARN_UNINITIALIZED_AUTOS = YES_AGGRESSIVE;
				GCC_WARN_UNUSED_FUNCTION = YES;
				GCC_WARN_UNUSED_VARIABLE = YES;
				IPHONEOS_DEPLOYMENT_TARGET = 16.1;
				MTL_ENABLE_DEBUG_INFO = NO;
				MTL_FAST_MATH = YES;
				SDKROOT = iphoneos;
				SWIFT_COMPILATION_MODE = wholemodule;
				SWIFT_OPTIMIZATION_LEVEL = "-O";
				VALIDATE_PRODUCT = YES;
			};
			name = Release;
		};
		BBC7A6912A6123A400DF237D /* Debug */ = {
			isa = XCBuildConfiguration;
			buildSettings = {
				ASSETCATALOG_COMPILER_APPICON_NAME = AppIcon;
				ASSETCATALOG_COMPILER_GLOBAL_ACCENT_COLOR_NAME = AccentColor;
				CODE_SIGN_STYLE = Automatic;
				CURRENT_PROJECT_VERSION = 1;
				GENERATE_INFOPLIST_FILE = YES;
				INFOPLIST_FILE = VIPERTest/Info.plist;
				INFOPLIST_KEY_UIApplicationSupportsIndirectInputEvents = YES;
				INFOPLIST_KEY_UILaunchStoryboardName = LaunchScreen;
				INFOPLIST_KEY_UIMainStoryboardFile = Main;
				INFOPLIST_KEY_UISupportedInterfaceOrientations = UIInterfaceOrientationPortrait;
				INFOPLIST_KEY_UISupportedInterfaceOrientations_iPad = "UIInterfaceOrientationLandscapeLeft UIInterfaceOrientationLandscapeRight UIInterfaceOrientationPortrait UIInterfaceOrientationPortraitUpsideDown";
				LD_RUNPATH_SEARCH_PATHS = (
					"$(inherited)",
					"@executable_path/Frameworks",
				);
				MARKETING_VERSION = 1.0;
				PRODUCT_BUNDLE_IDENTIFIER = ankur.teksun.VIPERTest;
				PRODUCT_NAME = "$(TARGET_NAME)";
				SUPPORTED_PLATFORMS = "iphoneos iphonesimulator";
				SUPPORTS_MACCATALYST = NO;
				SUPPORTS_MAC_DESIGNED_FOR_IPHONE_IPAD = NO;
				SWIFT_EMIT_LOC_STRINGS = YES;
				SWIFT_VERSION = 5.0;
				TARGETED_DEVICE_FAMILY = 1;
			};
			name = Debug;
		};
		BBC7A6922A6123A400DF237D /* Release */ = {
			isa = XCBuildConfiguration;
			buildSettings = {
				ASSETCATALOG_COMPILER_APPICON_NAME = AppIcon;
				ASSETCATALOG_COMPILER_GLOBAL_ACCENT_COLOR_NAME = AccentColor;
				CODE_SIGN_STYLE = Automatic;
				CURRENT_PROJECT_VERSION = 1;
				GENERATE_INFOPLIST_FILE = YES;
				INFOPLIST_FILE = VIPERTest/Info.plist;
				INFOPLIST_KEY_UIApplicationSupportsIndirectInputEvents = YES;
				INFOPLIST_KEY_UILaunchStoryboardName = LaunchScreen;
				INFOPLIST_KEY_UIMainStoryboardFile = Main;
				INFOPLIST_KEY_UISupportedInterfaceOrientations = UIInterfaceOrientationPortrait;
				INFOPLIST_KEY_UISupportedInterfaceOrientations_iPad = "UIInterfaceOrientationLandscapeLeft UIInterfaceOrientationLandscapeRight UIInterfaceOrientationPortrait UIInterfaceOrientationPortraitUpsideDown";
				LD_RUNPATH_SEARCH_PATHS = (
					"$(inherited)",
					"@executable_path/Frameworks",
				);
				MARKETING_VERSION = 1.0;
				PRODUCT_BUNDLE_IDENTIFIER = ankur.teksun.VIPERTest;
				PRODUCT_NAME = "$(TARGET_NAME)";
				SUPPORTED_PLATFORMS = "iphoneos iphonesimulator";
				SUPPORTS_MACCATALYST = NO;
				SUPPORTS_MAC_DESIGNED_FOR_IPHONE_IPAD = NO;
				SWIFT_EMIT_LOC_STRINGS = YES;
				SWIFT_VERSION = 5.0;
				TARGETED_DEVICE_FAMILY = 1;
			};
			name = Release;
		};
/* End XCBuildConfiguration section */

/* Begin XCConfigurationList section */
		BBC7A6772A6123A200DF237D /* Build configuration list for PBXProject "VIPERTest" */ = {
			isa = XCConfigurationList;
			buildConfigurations = (
				BBC7A68E2A6123A400DF237D /* Debug */,
				BBC7A68F2A6123A400DF237D /* Release */,
			);
			defaultConfigurationIsVisible = 0;
			defaultConfigurationName = Release;
		};
		BBC7A6902A6123A400DF237D /* Build configuration list for PBXNativeTarget "VIPERTest" */ = {
			isa = XCConfigurationList;
			buildConfigurations = (
				BBC7A6912A6123A400DF237D /* Debug */,
				BBC7A6922A6123A400DF237D /* Release */,
			);
			defaultConfigurationIsVisible = 0;
			defaultConfigurationName = Release;
		};
/* End XCConfigurationList section */
	};
	rootObject = BBC7A6742A6123A200DF237D /* Project object */;
}
